
Microsoft Visual Studio Solution File, Format Version 12.00
# Visual Studio Version 17
VisualStudioVersion = 17.5.002.0
MinimumVisualStudioVersion = 10.0.40219.1
Project("{9A19103F-16F7-4668-BE54-9A1E7A4F7556}") = "Metod-del-2", "Metod-del-2.csproj", "{ECC054FC-7BD8-4DC4-9F14-CC6F02A6AB77}"
EndProject
Global
	GlobalSection(SolutionConfigurationPlatforms) = preSolution
		Debug|Any CPU = Debug|Any CPU
		Release|Any CPU = Release|Any CPU
	EndGlobalSection
	GlobalSection(ProjectConfigurationPlatforms) = postSolution
		{ECC054FC-7BD8-4DC4-9F14-CC6F02A6AB77}.Debug|Any CPU.ActiveCfg = Debug|Any CPU
		{ECC054FC-7BD8-4DC4-9F14-CC6F02A6AB77}.Debug|Any CPU.Build.0 = Debug|Any CPU
		{ECC054FC-7BD8-4DC4-9F14-CC6F02A6AB77}.Release|Any CPU.ActiveCfg = Release|Any CPU
		{ECC054FC-7BD8-4DC4-9F14-CC6F02A6AB77}.Release|Any CPU.Build.0 = Release|Any CPU
	EndGlobalSection
	GlobalSection(SolutionProperties) = preSolution
		HideSolutionNode = FALSE
	EndGlobalSection
	GlobalSection(ExtensibilityGlobals) = postSolution
		SolutionGuid = {0DD14794-6028-41EB-92D6-0E60DFBD7B17}
	EndGlobalSection
EndGlobal
